
Microsoft Visual Studio Solution File, Format Version 12.00
# Visual Studio 15
VisualStudioVersion = 15.0.27110.0
MinimumVisualStudioVersion = 10.0.40219.1
Project("{9A19103F-16F7-4668-BE54-9A1E7A4F7556}") = "dotNetTips.Utility.Standard", "dotNetTips.Utility.Standard\dotNetTips.Utility.Standard.csproj", "{18AA9FD8-B56E-4BCD-ABC9-961D3CB58FE8}"
EndProject
Project("{9A19103F-16F7-4668-BE54-9A1E7A4F7556}") = "dotNetTips.Utility.Standard.Extensions", "dotNetTips.Utility.Standard.Extensions\dotNetTips.Utility.Standard.Extensions.csproj", "{F8D79BB2-5A8F-450C-9BD2-6608B89CEB08}"
EndProject
Project("{FAE04EC0-301F-11D3-BF4B-00C04F79EFBC}") = "dotNetTips.Utility.PerformanceTester", "dotNetTips.Utility.PerformanceTester\dotNetTips.Utility.PerformanceTester.csproj", "{E3AF3D1C-9FCE-488B-9185-CCA8FCF234AB}"
EndProject
Global
	GlobalSection(SolutionConfigurationPlatforms) = preSolution
		Debug|Any CPU = Debug|Any CPU
		Debug|x64 = Debug|x64
		Release|Any CPU = Release|Any CPU
		Release|x64 = Release|x64
	EndGlobalSection
	GlobalSection(ProjectConfigurationPlatforms) = postSolution
		{18AA9FD8-B56E-4BCD-ABC9-961D3CB58FE8}.Debug|Any CPU.ActiveCfg = Debug|Any CPU
		{18AA9FD8-B56E-4BCD-ABC9-961D3CB58FE8}.Debug|Any CPU.Build.0 = Debug|Any CPU
		{18AA9FD8-B56E-4BCD-ABC9-961D3CB58FE8}.Debug|x64.ActiveCfg = Debug|Any CPU
		{18AA9FD8-B56E-4BCD-ABC9-961D3CB58FE8}.Debug|x64.Build.0 = Debug|Any CPU
		{18AA9FD8-B56E-4BCD-ABC9-961D3CB58FE8}.Release|Any CPU.ActiveCfg = Release|Any CPU
		{18AA9FD8-B56E-4BCD-ABC9-961D3CB58FE8}.Release|Any CPU.Build.0 = Release|Any CPU
		{18AA9FD8-B56E-4BCD-ABC9-961D3CB58FE8}.Release|x64.ActiveCfg = Release|Any CPU
		{18AA9FD8-B56E-4BCD-ABC9-961D3CB58FE8}.Release|x64.Build.0 = Release|Any CPU
		{F8D79BB2-5A8F-450C-9BD2-6608B89CEB08}.Debug|Any CPU.ActiveCfg = Debug|Any CPU
		{F8D79BB2-5A8F-450C-9BD2-6608B89CEB08}.Debug|Any CPU.Build.0 = Debug|Any CPU
		{F8D79BB2-5A8F-450C-9BD2-6608B89CEB08}.Debug|x64.ActiveCfg = Debug|Any CPU
		{F8D79BB2-5A8F-450C-9BD2-6608B89CEB08}.Debug|x64.Build.0 = Debug|Any CPU
		{F8D79BB2-5A8F-450C-9BD2-6608B89CEB08}.Release|Any CPU.ActiveCfg = Release|Any CPU
		{F8D79BB2-5A8F-450C-9BD2-6608B89CEB08}.Release|Any CPU.Build.0 = Release|Any CPU
		{F8D79BB2-5A8F-450C-9BD2-6608B89CEB08}.Release|x64.ActiveCfg = Release|Any CPU
		{F8D79BB2-5A8F-450C-9BD2-6608B89CEB08}.Release|x64.Build.0 = Release|Any CPU
		{E3AF3D1C-9FCE-488B-9185-CCA8FCF234AB}.Debug|Any CPU.ActiveCfg = Debug|Any CPU
		{E3AF3D1C-9FCE-488B-9185-CCA8FCF234AB}.Debug|Any CPU.Build.0 = Debug|Any CPU
		{E3AF3D1C-9FCE-488B-9185-CCA8FCF234AB}.Debug|x64.ActiveCfg = Debug|Any CPU
		{E3AF3D1C-9FCE-488B-9185-CCA8FCF234AB}.Debug|x64.Build.0 = Debug|Any CPU
		{E3AF3D1C-9FCE-488B-9185-CCA8FCF234AB}.Release|Any CPU.ActiveCfg = Release|Any CPU
		{E3AF3D1C-9FCE-488B-9185-CCA8FCF234AB}.Release|Any CPU.Build.0 = Release|Any CPU
		{E3AF3D1C-9FCE-488B-9185-CCA8FCF234AB}.Release|x64.ActiveCfg = Release|Any CPU
		{E3AF3D1C-9FCE-488B-9185-CCA8FCF234AB}.Release|x64.Build.0 = Release|Any CPU
	EndGlobalSection
	GlobalSection(SolutionProperties) = preSolution
		HideSolutionNode = FALSE
	EndGlobalSection
	GlobalSection(ExtensibilityGlobals) = postSolution
		SolutionGuid = {87F84A9C-1A10-451A-8DF0-F816522DBD06}
	EndGlobalSection
EndGlobal
