
Microsoft Visual Studio Solution File, Format Version 12.00
# Visual Studio Version 16
VisualStudioVersion = 16.0.29123.89
MinimumVisualStudioVersion = 10.0.40219.1
Project("{9A19103F-16F7-4668-BE54-9A1E7A4F7556}") = "dotNetTips.Utility.Standard", "dotNetTips.Utility.Standard\dotNetTips.Utility.Standard.csproj", "{18AA9FD8-B56E-4BCD-ABC9-961D3CB58FE8}"
EndProject
Project("{9A19103F-16F7-4668-BE54-9A1E7A4F7556}") = "dotNetTips.Utility.Standard.Extensions", "dotNetTips.Utility.Standard.Extensions\dotNetTips.Utility.Standard.Extensions.csproj", "{F8D79BB2-5A8F-450C-9BD2-6608B89CEB08}"
EndProject
Project("{2150E333-8FDC-42A3-9474-1A3956D46DE8}") = "Common", "Common", "{B8E8DF06-C8EF-4986-A616-B701C477893B}"
	ProjectSection(SolutionItems) = preProject
		.editorconfig = .editorconfig
	EndProjectSection
EndProject
Project("{2150E333-8FDC-42A3-9474-1A3956D46DE8}") = "Tests", "Tests", "{ADDE826D-236D-4BFC-B092-BD61F3CAA59F}"
EndProject
Project("{2150E333-8FDC-42A3-9474-1A3956D46DE8}") = "docs", "docs", "{0C2EDD2A-9483-4412-A7E9-0E73E883677B}"
	ProjectSection(SolutionItems) = preProject
		TODO.txt = TODO.txt
	EndProjectSection
EndProject
Project("{9A19103F-16F7-4668-BE54-9A1E7A4F7556}") = "dotNetTips.Utility.Core.Windows", "dotNetTips.Utility.Core.Windows\dotNetTips.Utility.Core.Windows.csproj", "{DAD4EDE9-F69C-42E7-AB06-ADFD7D7DF9A7}"
EndProject
Project("{9A19103F-16F7-4668-BE54-9A1E7A4F7556}") = "dotNetTips.Tips.Utility.Standard.Tests", "dotNetTips.Utility.Standard.Tests\dotNetTips.Tips.Utility.Standard.Tests.csproj", "{57D26DA2-92FD-45ED-AD99-CB06D050164E}"
EndProject
Global
	GlobalSection(SolutionConfigurationPlatforms) = preSolution
		Debug|Any CPU = Debug|Any CPU
		Debug|x64 = Debug|x64
		Release|Any CPU = Release|Any CPU
		Release|x64 = Release|x64
		Description = .NET Standard version of the dotNetTips.Utility assemblies. 
	EndGlobalSection
	GlobalSection(ProjectConfigurationPlatforms) = postSolution
		{18AA9FD8-B56E-4BCD-ABC9-961D3CB58FE8}.Debug|Any CPU.ActiveCfg = Debug|Any CPU
		{18AA9FD8-B56E-4BCD-ABC9-961D3CB58FE8}.Debug|Any CPU.Build.0 = Debug|Any CPU
		{18AA9FD8-B56E-4BCD-ABC9-961D3CB58FE8}.Debug|x64.ActiveCfg = Debug|Any CPU
		{18AA9FD8-B56E-4BCD-ABC9-961D3CB58FE8}.Debug|x64.Build.0 = Debug|Any CPU
		{18AA9FD8-B56E-4BCD-ABC9-961D3CB58FE8}.Release|Any CPU.ActiveCfg = Release|Any CPU
		{18AA9FD8-B56E-4BCD-ABC9-961D3CB58FE8}.Release|Any CPU.Build.0 = Release|Any CPU
		{18AA9FD8-B56E-4BCD-ABC9-961D3CB58FE8}.Release|x64.ActiveCfg = Release|Any CPU
		{18AA9FD8-B56E-4BCD-ABC9-961D3CB58FE8}.Release|x64.Build.0 = Release|Any CPU
		{F8D79BB2-5A8F-450C-9BD2-6608B89CEB08}.Debug|Any CPU.ActiveCfg = Debug|Any CPU
		{F8D79BB2-5A8F-450C-9BD2-6608B89CEB08}.Debug|Any CPU.Build.0 = Debug|Any CPU
		{F8D79BB2-5A8F-450C-9BD2-6608B89CEB08}.Debug|x64.ActiveCfg = Debug|Any CPU
		{F8D79BB2-5A8F-450C-9BD2-6608B89CEB08}.Debug|x64.Build.0 = Debug|Any CPU
		{F8D79BB2-5A8F-450C-9BD2-6608B89CEB08}.Release|Any CPU.ActiveCfg = Release|Any CPU
		{F8D79BB2-5A8F-450C-9BD2-6608B89CEB08}.Release|Any CPU.Build.0 = Release|Any CPU
		{F8D79BB2-5A8F-450C-9BD2-6608B89CEB08}.Release|x64.ActiveCfg = Release|Any CPU
		{F8D79BB2-5A8F-450C-9BD2-6608B89CEB08}.Release|x64.Build.0 = Release|Any CPU
		{DAD4EDE9-F69C-42E7-AB06-ADFD7D7DF9A7}.Debug|Any CPU.ActiveCfg = Debug|Any CPU
		{DAD4EDE9-F69C-42E7-AB06-ADFD7D7DF9A7}.Debug|Any CPU.Build.0 = Debug|Any CPU
		{DAD4EDE9-F69C-42E7-AB06-ADFD7D7DF9A7}.Debug|x64.ActiveCfg = Debug|Any CPU
		{DAD4EDE9-F69C-42E7-AB06-ADFD7D7DF9A7}.Debug|x64.Build.0 = Debug|Any CPU
		{DAD4EDE9-F69C-42E7-AB06-ADFD7D7DF9A7}.Release|Any CPU.ActiveCfg = Release|Any CPU
		{DAD4EDE9-F69C-42E7-AB06-ADFD7D7DF9A7}.Release|Any CPU.Build.0 = Release|Any CPU
		{DAD4EDE9-F69C-42E7-AB06-ADFD7D7DF9A7}.Release|x64.ActiveCfg = Release|Any CPU
		{DAD4EDE9-F69C-42E7-AB06-ADFD7D7DF9A7}.Release|x64.Build.0 = Release|Any CPU
		{57D26DA2-92FD-45ED-AD99-CB06D050164E}.Debug|Any CPU.ActiveCfg = Debug|Any CPU
		{57D26DA2-92FD-45ED-AD99-CB06D050164E}.Debug|Any CPU.Build.0 = Debug|Any CPU
		{57D26DA2-92FD-45ED-AD99-CB06D050164E}.Debug|x64.ActiveCfg = Debug|Any CPU
		{57D26DA2-92FD-45ED-AD99-CB06D050164E}.Debug|x64.Build.0 = Debug|Any CPU
		{57D26DA2-92FD-45ED-AD99-CB06D050164E}.Release|Any CPU.ActiveCfg = Release|Any CPU
		{57D26DA2-92FD-45ED-AD99-CB06D050164E}.Release|Any CPU.Build.0 = Release|Any CPU
		{57D26DA2-92FD-45ED-AD99-CB06D050164E}.Release|x64.ActiveCfg = Release|Any CPU
		{57D26DA2-92FD-45ED-AD99-CB06D050164E}.Release|x64.Build.0 = Release|Any CPU
	EndGlobalSection
	GlobalSection(SolutionProperties) = preSolution
		HideSolutionNode = FALSE
	EndGlobalSection
	GlobalSection(NestedProjects) = preSolution
		{57D26DA2-92FD-45ED-AD99-CB06D050164E} = {ADDE826D-236D-4BFC-B092-BD61F3CAA59F}
	EndGlobalSection
	GlobalSection(ExtensibilityGlobals) = postSolution
		SolutionGuid = {87F84A9C-1A10-451A-8DF0-F816522DBD06}
	EndGlobalSection
EndGlobal
