
Microsoft Visual Studio Solution File, Format Version 12.00
# Visual Studio Version 16
VisualStudioVersion = 16.0.29318.209
MinimumVisualStudioVersion = 10.0.40219.1
Project("{9A19103F-16F7-4668-BE54-9A1E7A4F7556}") = "dotNetTips.Utility.Core.Windows", "dotNetTips.Utility.Core.Windows.csproj", "{C324747D-C819-4BF9-A4C4-549F13497089}"
EndProject
Global
	GlobalSection(SolutionConfigurationPlatforms) = preSolution
		Debug|Any CPU = Debug|Any CPU
		Release|Any CPU = Release|Any CPU
	EndGlobalSection
	GlobalSection(ProjectConfigurationPlatforms) = postSolution
		{C324747D-C819-4BF9-A4C4-549F13497089}.Debug|Any CPU.ActiveCfg = Debug|Any CPU
		{C324747D-C819-4BF9-A4C4-549F13497089}.Debug|Any CPU.Build.0 = Debug|Any CPU
		{C324747D-C819-4BF9-A4C4-549F13497089}.Release|Any CPU.ActiveCfg = Release|Any CPU
		{C324747D-C819-4BF9-A4C4-549F13497089}.Release|Any CPU.Build.0 = Release|Any CPU
	EndGlobalSection
	GlobalSection(SolutionProperties) = preSolution
		HideSolutionNode = FALSE
	EndGlobalSection
	GlobalSection(ExtensibilityGlobals) = postSolution
		SolutionGuid = {C509958B-282A-419F-8ADB-948CCD7A6119}
	EndGlobalSection
EndGlobal
